// !$*UTF8*$!
{
	archiveVersion = 1;
	classes = {
	};
	objectVersion = 46;
	objects = {

/* Begin PBXBuildFile section */
		9A4C58E91B52B3AF000414E2 /* main.m in Sources */ = {isa = PBXBuildFile; fileRef = 9A4C58E81B52B3AF000414E2 /* main.m */; };
		9A4C58EC1B52B3AF000414E2 /* AppDelegate.m in Sources */ = {isa = PBXBuildFile; fileRef = 9A4C58EB1B52B3AF000414E2 /* AppDelegate.m */; };
		9A4C58EF1B52B3AF000414E2 /* ViewController.m in Sources */ = {isa = PBXBuildFile; fileRef = 9A4C58EE1B52B3AF000414E2 /* ViewController.m */; };
		9A4C58F21B52B3AF000414E2 /* Main.storyboard in Resources */ = {isa = PBXBuildFile; fileRef = 9A4C58F01B52B3AF000414E2 /* Main.storyboard */; };
		9A4C58F41B52B3AF000414E2 /* Images.xcassets in Resources */ = {isa = PBXBuildFile; fileRef = 9A4C58F31B52B3AF000414E2 /* Images.xcassets */; };
		9A4C58F71B52B3AF000414E2 /* LaunchScreen.xib in Resources */ = {isa = PBXBuildFile; fileRef = 9A4C58F51B52B3AF000414E2 /* LaunchScreen.xib */; };
		9A4C59031B52B3AF000414E2 /* CustomSearchBarTests.m in Sources */ = {isa = PBXBuildFile; fileRef = 9A4C59021B52B3AF000414E2 /* CustomSearchBarTests.m */; };
/* End PBXBuildFile section */

/* Begin PBXContainerItemProxy section */
		9A4C58FD1B52B3AF000414E2 /* PBXContainerItemProxy */ = {
			isa = PBXContainerItemProxy;
			containerPortal = 9A4C58DB1B52B3AF000414E2 /* Project object */;
			proxyType = 1;
			remoteGlobalIDString = 9A4C58E21B52B3AF000414E2;
			remoteInfo = CustomSearchBar;
		};
/* End PBXContainerItemProxy section */

/* Begin PBXFileReference section */
		9A4C58E31B52B3AF000414E2 /* CustomSearchBar.app */ = {isa = PBXFileReference; explicitFileType = wrapper.application; includeInIndex = 0; path = CustomSearchBar.app; sourceTree = BUILT_PRODUCTS_DIR; };
		9A4C58E71B52B3AF000414E2 /* Info.plist */ = {isa = PBXFileReference; lastKnownFileType = text.plist.xml; path = Info.plist; sourceTree = "<group>"; };
		9A4C58E81B52B3AF000414E2 /* main.m */ = {isa = PBXFileReference; lastKnownFileType = sourcecode.c.objc; path = main.m; sourceTree = "<group>"; };
		9A4C58EA1B52B3AF000414E2 /* AppDelegate.h */ = {isa = PBXFileReference; lastKnownFileType = sourcecode.c.h; path = AppDelegate.h; sourceTree = "<group>"; };
		9A4C58EB1B52B3AF000414E2 /* AppDelegate.m */ = {isa = PBXFileReference; lastKnownFileType = sourcecode.c.objc; path = AppDelegate.m; sourceTree = "<group>"; };
		9A4C58ED1B52B3AF000414E2 /* ViewController.h */ = {isa = PBXFileReference; lastKnownFileType = sourcecode.c.h; path = ViewController.h; sourceTree = "<group>"; };
		9A4C58EE1B52B3AF000414E2 /* ViewController.m */ = {isa = PBXFileReference; lastKnownFileType = sourcecode.c.objc; path = ViewController.m; sourceTree = "<group>"; };
		9A4C58F11B52B3AF000414E2 /* Base */ = {isa = PBXFileReference; lastKnownFileType = file.storyboard; name = Base; path = Base.lproj/Main.storyboard; sourceTree = "<group>"; };
		9A4C58F31B52B3AF000414E2 /* Images.xcassets */ = {isa = PBXFileReference; lastKnownFileType = folder.assetcatalog; path = Images.xcassets; sourceTree = "<group>"; };
		9A4C58F61B52B3AF000414E2 /* Base */ = {isa = PBXFileReference; lastKnownFileType = file.xib; name = Base; path = Base.lproj/LaunchScreen.xib; sourceTree = "<group>"; };
		9A4C58FC1B52B3AF000414E2 /* CustomSearchBarTests.xctest */ = {isa = PBXFileReference; explicitFileType = wrapper.cfbundle; includeInIndex = 0; path = CustomSearchBarTests.xctest; sourceTree = BUILT_PRODUCTS_DIR; };
		9A4C59011B52B3AF000414E2 /* Info.plist */ = {isa = PBXFileReference; lastKnownFileType = text.plist.xml; path = Info.plist; sourceTree = "<group>"; };
		9A4C59021B52B3AF000414E2 /* CustomSearchBarTests.m */ = {isa = PBXFileReference; lastKnownFileType = sourcecode.c.objc; path = CustomSearchBarTests.m; sourceTree = "<group>"; };
/* End PBXFileReference section */

/* Begin PBXFrameworksBuildPhase section */
		9A4C58E01B52B3AF000414E2 /* Frameworks */ = {
			isa = PBXFrameworksBuildPhase;
			buildActionMask = 2147483647;
			files = (
			);
			runOnlyForDeploymentPostprocessing = 0;
		};
		9A4C58F91B52B3AF000414E2 /* Frameworks */ = {
			isa = PBXFrameworksBuildPhase;
			buildActionMask = 2147483647;
			files = (
			);
			runOnlyForDeploymentPostprocessing = 0;
		};
/* End PBXFrameworksBuildPhase section */

/* Begin PBXGroup section */
		9A4C58DA1B52B3AF000414E2 = {
			isa = PBXGroup;
			children = (
				9A4C58E51B52B3AF000414E2 /* CustomSearchBar */,
				9A4C58FF1B52B3AF000414E2 /* CustomSearchBarTests */,
				9A4C58E41B52B3AF000414E2 /* Products */,
			);
			sourceTree = "<group>";
		};
		9A4C58E41B52B3AF000414E2 /* Products */ = {
			isa = PBXGroup;
			children = (
				9A4C58E31B52B3AF000414E2 /* CustomSearchBar.app */,
				9A4C58FC1B52B3AF000414E2 /* CustomSearchBarTests.xctest */,
			);
			name = Products;
			sourceTree = "<group>";
		};
		9A4C58E51B52B3AF000414E2 /* CustomSearchBar */ = {
			isa = PBXGroup;
			children = (
				9A4C58EA1B52B3AF000414E2 /* AppDelegate.h */,
				9A4C58EB1B52B3AF000414E2 /* AppDelegate.m */,
				9A4C58ED1B52B3AF000414E2 /* ViewController.h */,
				9A4C58EE1B52B3AF000414E2 /* ViewController.m */,
				9A4C58F01B52B3AF000414E2 /* Main.storyboard */,
				9A4C58F31B52B3AF000414E2 /* Images.xcassets */,
				9A4C58F51B52B3AF000414E2 /* LaunchScreen.xib */,
				9A4C58E61B52B3AF000414E2 /* Supporting Files */,
			);
			path = CustomSearchBar;
			sourceTree = "<group>";
		};
		9A4C58E61B52B3AF000414E2 /* Supporting Files */ = {
			isa = PBXGroup;
			children = (
				9A4C58E71B52B3AF000414E2 /* Info.plist */,
				9A4C58E81B52B3AF000414E2 /* main.m */,
			);
			name = "Supporting Files";
			sourceTree = "<group>";
		};
		9A4C58FF1B52B3AF000414E2 /* CustomSearchBarTests */ = {
			isa = PBXGroup;
			children = (
				9A4C59021B52B3AF000414E2 /* CustomSearchBarTests.m */,
				9A4C59001B52B3AF000414E2 /* Supporting Files */,
			);
			path = CustomSearchBarTests;
			sourceTree = "<group>";
		};
		9A4C59001B52B3AF000414E2 /* Supporting Files */ = {
			isa = PBXGroup;
			children = (
				9A4C59011B52B3AF000414E2 /* Info.plist */,
			);
			name = "Supporting Files";
			sourceTree = "<group>";
		};
/* End PBXGroup section */

/* Begin PBXNativeTarget section */
		9A4C58E21B52B3AF000414E2 /* CustomSearchBar */ = {
			isa = PBXNativeTarget;
			buildConfigurationList = 9A4C59061B52B3AF000414E2 /* Build configuration list for PBXNativeTarget "CustomSearchBar" */;
			buildPhases = (
				9A4C58DF1B52B3AF000414E2 /* Sources */,
				9A4C58E01B52B3AF000414E2 /* Frameworks */,
				9A4C58E11B52B3AF000414E2 /* Resources */,
			);
			buildRules = (
			);
			dependencies = (
			);
			name = CustomSearchBar;
			productName = CustomSearchBar;
			productReference = 9A4C58E31B52B3AF000414E2 /* CustomSearchBar.app */;
			productType = "com.apple.product-type.application";
		};
		9A4C58FB1B52B3AF000414E2 /* CustomSearchBarTests */ = {
			isa = PBXNativeTarget;
			buildConfigurationList = 9A4C59091B52B3AF000414E2 /* Build configuration list for PBXNativeTarget "CustomSearchBarTests" */;
			buildPhases = (
				9A4C58F81B52B3AF000414E2 /* Sources */,
				9A4C58F91B52B3AF000414E2 /* Frameworks */,
				9A4C58FA1B52B3AF000414E2 /* Resources */,
			);
			buildRules = (
			);
			dependencies = (
				9A4C58FE1B52B3AF000414E2 /* PBXTargetDependency */,
			);
			name = CustomSearchBarTests;
			productName = CustomSearchBarTests;
			productReference = 9A4C58FC1B52B3AF000414E2 /* CustomSearchBarTests.xctest */;
			productType = "com.apple.product-type.bundle.unit-test";
		};
/* End PBXNativeTarget section */

/* Begin PBXProject section */
		9A4C58DB1B52B3AF000414E2 /* Project object */ = {
			isa = PBXProject;
			attributes = {
				LastUpgradeCheck = 0640;
				ORGANIZATIONNAME = guojunxu;
				TargetAttributes = {
					9A4C58E21B52B3AF000414E2 = {
						CreatedOnToolsVersion = 6.4;
					};
					9A4C58FB1B52B3AF000414E2 = {
						CreatedOnToolsVersion = 6.4;
						TestTargetID = 9A4C58E21B52B3AF000414E2;
					};
				};
			};
			buildConfigurationList = 9A4C58DE1B52B3AF000414E2 /* Build configuration list for PBXProject "CustomSearchBar" */;
			compatibilityVersion = "Xcode 3.2";
			developmentRegion = English;
			hasScannedForEncodings = 0;
			knownRegions = (
				en,
				Base,
			);
			mainGroup = 9A4C58DA1B52B3AF000414E2;
			productRefGroup = 9A4C58E41B52B3AF000414E2 /* Products */;
			projectDirPath = "";
			projectRoot = "";
			targets = (
				9A4C58E21B52B3AF000414E2 /* CustomSearchBar */,
				9A4C58FB1B52B3AF000414E2 /* CustomSearchBarTests */,
			);
		};
/* End PBXProject section */

/* Begin PBXResourcesBuildPhase section */
		9A4C58E11B52B3AF000414E2 /* Resources */ = {
			isa = PBXResourcesBuildPhase;
			buildActionMask = 2147483647;
			files = (
				9A4C58F21B52B3AF000414E2 /* Main.storyboard in Resources */,
				9A4C58F71B52B3AF000414E2 /* LaunchScreen.xib in Resources */,
				9A4C58F41B52B3AF000414E2 /* Images.xcassets in Resources */,
			);
			runOnlyForDeploymentPostprocessing = 0;
		};
		9A4C58FA1B52B3AF000414E2 /* Resources */ = {
			isa = PBXResourcesBuildPhase;
			buildActionMask = 2147483647;
			files = (
			);
			runOnlyForDeploymentPostprocessing = 0;
		};
/* End PBXResourcesBuildPhase section */

/* Begin PBXSourcesBuildPhase section */
		9A4C58DF1B52B3AF000414E2 /* Sources */ = {
			isa = PBXSourcesBuildPhase;
			buildActionMask = 2147483647;
			files = (
				9A4C58EF1B52B3AF000414E2 /* ViewController.m in Sources */,
				9A4C58EC1B52B3AF000414E2 /* AppDelegate.m in Sources */,
				9A4C58E91B52B3AF000414E2 /* main.m in Sources */,
			);
			runOnlyForDeploymentPostprocessing = 0;
		};
		9A4C58F81B52B3AF000414E2 /* Sources */ = {
			isa = PBXSourcesBuildPhase;
			buildActionMask = 2147483647;
			files = (
				9A4C59031B52B3AF000414E2 /* CustomSearchBarTests.m in Sources */,
			);
			runOnlyForDeploymentPostprocessing = 0;
		};
/* End PBXSourcesBuildPhase section */

/* Begin PBXTargetDependency section */
		9A4C58FE1B52B3AF000414E2 /* PBXTargetDependency */ = {
			isa = PBXTargetDependency;
			target = 9A4C58E21B52B3AF000414E2 /* CustomSearchBar */;
			targetProxy = 9A4C58FD1B52B3AF000414E2 /* PBXContainerItemProxy */;
		};
/* End PBXTargetDependency section */

/* Begin PBXVariantGroup section */
		9A4C58F01B52B3AF000414E2 /* Main.storyboard */ = {
			isa = PBXVariantGroup;
			children = (
				9A4C58F11B52B3AF000414E2 /* Base */,
			);
			name = Main.storyboard;
			sourceTree = "<group>";
		};
		9A4C58F51B52B3AF000414E2 /* LaunchScreen.xib */ = {
			isa = PBXVariantGroup;
			children = (
				9A4C58F61B52B3AF000414E2 /* Base */,
			);
			name = LaunchScreen.xib;
			sourceTree = "<group>";
		};
/* End PBXVariantGroup section */

/* Begin XCBuildConfiguration section */
		9A4C59041B52B3AF000414E2 /* Debug */ = {
			isa = XCBuildConfiguration;
			buildSettings = {
				ALWAYS_SEARCH_USER_PATHS = NO;
				CLANG_CXX_LANGUAGE_STANDARD = "gnu++0x";
				CLANG_CXX_LIBRARY = "libc++";
				CLANG_ENABLE_MODULES = YES;
				CLANG_ENABLE_OBJC_ARC = YES;
				CLANG_WARN_BOOL_CONVERSION = YES;
				CLANG_WARN_CONSTANT_CONVERSION = YES;
				CLANG_WARN_DIRECT_OBJC_ISA_USAGE = YES_ERROR;
				CLANG_WARN_EMPTY_BODY = YES;
				CLANG_WARN_ENUM_CONVERSION = YES;
				CLANG_WARN_INT_CONVERSION = YES;
				CLANG_WARN_OBJC_ROOT_CLASS = YES_ERROR;
				CLANG_WARN_UNREACHABLE_CODE = YES;
				CLANG_WARN__DUPLICATE_METHOD_MATCH = YES;
				"CODE_SIGN_IDENTITY[sdk=iphoneos*]" = "iPhone Developer";
				COPY_PHASE_STRIP = NO;
				DEBUG_INFORMATION_FORMAT = "dwarf-with-dsym";
				ENABLE_STRICT_OBJC_MSGSEND = YES;
				GCC_C_LANGUAGE_STANDARD = gnu99;
				GCC_DYNAMIC_NO_PIC = NO;
				GCC_NO_COMMON_BLOCKS = YES;
				GCC_OPTIMIZATION_LEVEL = 0;
				GCC_PREPROCESSOR_DEFINITIONS = (
					"DEBUG=1",
					"$(inherited)",
				);
				GCC_SYMBOLS_PRIVATE_EXTERN = NO;
				GCC_WARN_64_TO_32_BIT_CONVERSION = YES;
				GCC_WARN_ABOUT_RETURN_TYPE = YES_ERROR;
				GCC_WARN_UNDECLARED_SELECTOR = YES;
				GCC_WARN_UNINITIALIZED_AUTOS = YES_AGGRESSIVE;
				GCC_WARN_UNUSED_FUNCTION = YES;
				GCC_WARN_UNUSED_VARIABLE = YES;
				IPHONEOS_DEPLOYMENT_TARGET = 8.4;
				MTL_ENABLE_DEBUG_INFO = YES;
				ONLY_ACTIVE_ARCH = YES;
				SDKROOT = iphoneos;
			};
			name = Debug;
		};
		9A4C59051B52B3AF000414E2 /* Release */ = {
			isa = XCBuildConfiguration;
			buildSettings = {
				ALWAYS_SEARCH_USER_PATHS = NO;
				CLANG_CXX_LANGUAGE_STANDARD = "gnu++0x";
				CLANG_CXX_LIBRARY = "libc++";
				CLANG_ENABLE_MODULES = YES;
				CLANG_ENABLE_OBJC_ARC = YES;
				CLANG_WARN_BOOL_CONVERSION = YES;
				CLANG_WARN_CONSTANT_CONVERSION = YES;
				CLANG_WARN_DIRECT_OBJC_ISA_USAGE = YES_ERROR;
				CLANG_WARN_EMPTY_BODY = YES;
				CLANG_WARN_ENUM_CONVERSION = YES;
				CLANG_WARN_INT_CONVERSION = YES;
				CLANG_WARN_OBJC_ROOT_CLASS = YES_ERROR;
				CLANG_WARN_UNREACHABLE_CODE = YES;
				CLANG_WARN__DUPLICATE_METHOD_MATCH = YES;
				"CODE_SIGN_IDENTITY[sdk=iphoneos*]" = "iPhone Developer";
				COPY_PHASE_STRIP = NO;
				DEBUG_INFORMATION_FORMAT = "dwarf-with-dsym";
				ENABLE_NS_ASSERTIONS = NO;
				ENABLE_STRICT_OBJC_MSGSEND = YES;
				GCC_C_LANGUAGE_STANDARD = gnu99;
				GCC_NO_COMMON_BLOCKS = YES;
				GCC_WARN_64_TO_32_BIT_CONVERSION = YES;
				GCC_WARN_ABOUT_RETURN_TYPE = YES_ERROR;
				GCC_WARN_UNDECLARED_SELECTOR = YES;
				GCC_WARN_UNINITIALIZED_AUTOS = YES_AGGRESSIVE;
				GCC_WARN_UNUSED_FUNCTION = YES;
				GCC_WARN_UNUSED_VARIABLE = YES;
				IPHONEOS_DEPLOYMENT_TARGET = 8.4;
				MTL_ENABLE_DEBUG_INFO = NO;
				SDKROOT = iphoneos;
				VALIDATE_PRODUCT = YES;
			};
			name = Release;
		};
		9A4C59071B52B3AF000414E2 /* Debug */ = {
			isa = XCBuildConfiguration;
			buildSettings = {
				ASSETCATALOG_COMPILER_APPICON_NAME = AppIcon;
				INFOPLIST_FILE = CustomSearchBar/Info.plist;
				LD_RUNPATH_SEARCH_PATHS = "$(inherited) @executable_path/Frameworks";
				PRODUCT_NAME = "$(TARGET_NAME)";
			};
			name = Debug;
		};
		9A4C59081B52B3AF000414E2 /* Release */ = {
			isa = XCBuildConfiguration;
			buildSettings = {
				ASSETCATALOG_COMPILER_APPICON_NAME = AppIcon;
				INFOPLIST_FILE = CustomSearchBar/Info.plist;
				LD_RUNPATH_SEARCH_PATHS = "$(inherited) @executable_path/Frameworks";
				PRODUCT_NAME = "$(TARGET_NAME)";
			};
			name = Release;
		};
		9A4C590A1B52B3AF000414E2 /* Debug */ = {
			isa = XCBuildConfiguration;
			buildSettings = {
				BUNDLE_LOADER = "$(TEST_HOST)";
				FRAMEWORK_SEARCH_PATHS = (
					"$(SDKROOT)/Developer/Library/Frameworks",
					"$(inherited)",
				);
				GCC_PREPROCESSOR_DEFINITIONS = (
					"DEBUG=1",
					"$(inherited)",
				);
				INFOPLIST_FILE = CustomSearchBarTests/Info.plist;
				LD_RUNPATH_SEARCH_PATHS = "$(inherited) @executable_path/Frameworks @loader_path/Frameworks";
				PRODUCT_NAME = "$(TARGET_NAME)";
				TEST_HOST = "$(BUILT_PRODUCTS_DIR)/CustomSearchBar.app/CustomSearchBar";
			};
			name = Debug;
		};
		9A4C590B1B52B3AF000414E2 /* Release */ = {
			isa = XCBuildConfiguration;
			buildSettings = {
				BUNDLE_LOADER = "$(TEST_HOST)";
				FRAMEWORK_SEARCH_PATHS = (
					"$(SDKROOT)/Developer/Library/Frameworks",
					"$(inherited)",
				);
				INFOPLIST_FILE = CustomSearchBarTests/Info.plist;
				LD_RUNPATH_SEARCH_PATHS = "$(inherited) @executable_path/Frameworks @loader_path/Frameworks";
				PRODUCT_NAME = "$(TARGET_NAME)";
				TEST_HOST = "$(BUILT_PRODUCTS_DIR)/CustomSearchBar.app/CustomSearchBar";
			};
			name = Release;
		};
/* End XCBuildConfiguration section */

/* Begin XCConfigurationList section */
		9A4C58DE1B52B3AF000414E2 /* Build configuration list for PBXProject "CustomSearchBar" */ = {
			isa = XCConfigurationList;
			buildConfigurations = (
				9A4C59041B52B3AF000414E2 /* Debug */,
				9A4C59051B52B3AF000414E2 /* Release */,
			);
			defaultConfigurationIsVisible = 0;
			defaultConfigurationName = Release;
		};
		9A4C59061B52B3AF000414E2 /* Build configuration list for PBXNativeTarget "CustomSearchBar" */ = {
			isa = XCConfigurationList;
			buildConfigurations = (
				9A4C59071B52B3AF000414E2 /* Debug */,
				9A4C59081B52B3AF000414E2 /* Release */,
			);
			defaultConfigurationIsVisible = 0;
		};
		9A4C59091B52B3AF000414E2 /* Build configuration list for PBXNativeTarget "CustomSearchBarTests" */ = {
			isa = XCConfigurationList;
			buildConfigurations = (
				9A4C590A1B52B3AF000414E2 /* Debug */,
				9A4C590B1B52B3AF000414E2 /* Release */,
			);
			defaultConfigurationIsVisible = 0;
		};
/* End XCConfigurationList section */
	};
	rootObject = 9A4C58DB1B52B3AF000414E2 /* Project object */;
}
